Microsoft Visual Studio Solution File, Format Version 12.00
# Visual Studio 2012
Project("{FAE04EC0-301F-11D3-BF4B-00C04F79EFBC}") = "Conan-Exiles-Character-Transferer-Csharp", "Conan-Exiles-Character-Transferer-Csharp.csproj", "{00802BC5-6463-4E1D-A081-A95E049ED578}"
EndProject
Global
	GlobalSection(SolutionConfigurationPlatforms) = preSolution
	Debug|Any CPU = Debug|Any CPU
	ExportDebug|Any CPU = ExportDebug|Any CPU
	ExportRelease|Any CPU = ExportRelease|Any CPU
	EndGlobalSection
	GlobalSection(ProjectConfigurationPlatforms) = postSolution
		{00802BC5-6463-4E1D-A081-A95E049ED578}.Debug|Any CPU.ActiveCfg = Debug|Any CPU
		{00802BC5-6463-4E1D-A081-A95E049ED578}.Debug|Any CPU.Build.0 = Debug|Any CPU
		{00802BC5-6463-4E1D-A081-A95E049ED578}.ExportDebug|Any CPU.ActiveCfg = ExportDebug|Any CPU
		{00802BC5-6463-4E1D-A081-A95E049ED578}.ExportDebug|Any CPU.Build.0 = ExportDebug|Any CPU
		{00802BC5-6463-4E1D-A081-A95E049ED578}.ExportRelease|Any CPU.ActiveCfg = ExportRelease|Any CPU
		{00802BC5-6463-4E1D-A081-A95E049ED578}.ExportRelease|Any CPU.Build.0 = ExportRelease|Any CPU
	EndGlobalSection
EndGlobal
